
Microsoft Visual Studio Solution File, Format Version 12.00
# Visual Studio Version 16
VisualStudioVersion = 16.0.31025.194
MinimumVisualStudioVersion = 10.0.40219.1
Project("{FAE04EC0-301F-11D3-BF4B-00C04F79EFBC}") = "053506_SIM_Lab8", "053506_SIM_Lab8\053506_SIM_Lab8.csproj", "{2CCBF7ED-1CA3-4EFB-8982-73AEACCCE7B2}"
EndProject
Project("{FAE04EC0-301F-11D3-BF4B-00C04F79EFBC}") = "053506_SIM__Lab7", "053506_SIM_Lab7\053506_SIM__Lab7.csproj", "{B6465665-FE6F-4B1E-BF24-85478523FE44}"
EndProject
Project("{2150E333-8FDC-42A3-9474-1A3956D46DE8}") = "053506_SIM_Lab9", "053506_SIM_Lab9", "{5D1A55B9-3128-40AE-98E2-49D2F44FA92A}"
EndProject
Project("{FAE04EC0-301F-11D3-BF4B-00C04F79EFBC}") = "053506_SIM_Lab9", "053506_SIM_Lab9\053506_SIM_Lab9.csproj", "{033F6B0D-EE33-48A5-9C52-0B7B8C44BEDD}"
EndProject
Project("{FAE04EC0-301F-11D3-BF4B-00C04F79EFBC}") = "Serializer", "Serializer\Serializer.csproj", "{45840470-7196-46F7-A2B3-ACDB192C8D80}"
EndProject
Project("{FAE04EC0-301F-11D3-BF4B-00C04F79EFBC}") = "053506_SIM_Lab9.Domain", "053506_SIM_Lab9.Domain\053506_SIM_Lab9.Domain.csproj", "{DFCAF11F-1ED9-4C99-9167-37C7374E9C0A}"
EndProject
Global
	GlobalSection(SolutionConfigurationPlatforms) = preSolution
		Debug|Any CPU = Debug|Any CPU
		Release|Any CPU = Release|Any CPU
	EndGlobalSection
	GlobalSection(ProjectConfigurationPlatforms) = postSolution
		{2CCBF7ED-1CA3-4EFB-8982-73AEACCCE7B2}.Debug|Any CPU.ActiveCfg = Debug|Any CPU
		{2CCBF7ED-1CA3-4EFB-8982-73AEACCCE7B2}.Debug|Any CPU.Build.0 = Debug|Any CPU
		{2CCBF7ED-1CA3-4EFB-8982-73AEACCCE7B2}.Release|Any CPU.ActiveCfg = Release|Any CPU
		{2CCBF7ED-1CA3-4EFB-8982-73AEACCCE7B2}.Release|Any CPU.Build.0 = Release|Any CPU
		{B6465665-FE6F-4B1E-BF24-85478523FE44}.Debug|Any CPU.ActiveCfg = Debug|Any CPU
		{B6465665-FE6F-4B1E-BF24-85478523FE44}.Debug|Any CPU.Build.0 = Debug|Any CPU
		{B6465665-FE6F-4B1E-BF24-85478523FE44}.Release|Any CPU.ActiveCfg = Release|Any CPU
		{B6465665-FE6F-4B1E-BF24-85478523FE44}.Release|Any CPU.Build.0 = Release|Any CPU
		{033F6B0D-EE33-48A5-9C52-0B7B8C44BEDD}.Debug|Any CPU.ActiveCfg = Debug|Any CPU
		{033F6B0D-EE33-48A5-9C52-0B7B8C44BEDD}.Debug|Any CPU.Build.0 = Debug|Any CPU
		{033F6B0D-EE33-48A5-9C52-0B7B8C44BEDD}.Release|Any CPU.ActiveCfg = Release|Any CPU
		{033F6B0D-EE33-48A5-9C52-0B7B8C44BEDD}.Release|Any CPU.Build.0 = Release|Any CPU
		{45840470-7196-46F7-A2B3-ACDB192C8D80}.Debug|Any CPU.ActiveCfg = Debug|Any CPU
		{45840470-7196-46F7-A2B3-ACDB192C8D80}.Debug|Any CPU.Build.0 = Debug|Any CPU
		{45840470-7196-46F7-A2B3-ACDB192C8D80}.Release|Any CPU.ActiveCfg = Release|Any CPU
		{45840470-7196-46F7-A2B3-ACDB192C8D80}.Release|Any CPU.Build.0 = Release|Any CPU
		{DFCAF11F-1ED9-4C99-9167-37C7374E9C0A}.Debug|Any CPU.ActiveCfg = Debug|Any CPU
		{DFCAF11F-1ED9-4C99-9167-37C7374E9C0A}.Debug|Any CPU.Build.0 = Debug|Any CPU
		{DFCAF11F-1ED9-4C99-9167-37C7374E9C0A}.Release|Any CPU.ActiveCfg = Release|Any CPU
		{DFCAF11F-1ED9-4C99-9167-37C7374E9C0A}.Release|Any CPU.Build.0 = Release|Any CPU
	EndGlobalSection
	GlobalSection(SolutionProperties) = preSolution
		HideSolutionNode = FALSE
	EndGlobalSection
	GlobalSection(NestedProjects) = preSolution
		{033F6B0D-EE33-48A5-9C52-0B7B8C44BEDD} = {5D1A55B9-3128-40AE-98E2-49D2F44FA92A}
		{45840470-7196-46F7-A2B3-ACDB192C8D80} = {5D1A55B9-3128-40AE-98E2-49D2F44FA92A}
		{DFCAF11F-1ED9-4C99-9167-37C7374E9C0A} = {5D1A55B9-3128-40AE-98E2-49D2F44FA92A}
	EndGlobalSection
	GlobalSection(ExtensibilityGlobals) = postSolution
		SolutionGuid = {ECD75C7B-94E9-4FE7-AF48-70B54BFDC0DB}
	EndGlobalSection
EndGlobal
